
Microsoft Visual Studio Solution File, Format Version 12.00
# Visual Studio Version 17
VisualStudioVersion = 17.3.32811.315
MinimumVisualStudioVersion = 10.0.40219.1
Project("{FAE04EC0-301F-11D3-BF4B-00C04F79EFBC}") = "Lab03.", "..\Lab03\Lab03\Lab03..csproj", "{5D2D466A-7EC3-457E-B227-5EEF14A912A5}"
EndProject
Global
	GlobalSection(SolutionConfigurationPlatforms) = preSolution
		Debug|Any CPU = Debug|Any CPU
		Release|Any CPU = Release|Any CPU
	EndGlobalSection
	GlobalSection(ProjectConfigurationPlatforms) = postSolution
		{5D2D466A-7EC3-457E-B227-5EEF14A912A5}.Debug|Any CPU.ActiveCfg = Debug|Any CPU
		{5D2D466A-7EC3-457E-B227-5EEF14A912A5}.Debug|Any CPU.Build.0 = Debug|Any CPU
		{5D2D466A-7EC3-457E-B227-5EEF14A912A5}.Release|Any CPU.ActiveCfg = Release|Any CPU
		{5D2D466A-7EC3-457E-B227-5EEF14A912A5}.Release|Any CPU.Build.0 = Release|Any CPU
	EndGlobalSection
	GlobalSection(SolutionProperties) = preSolution
		HideSolutionNode = FALSE
	EndGlobalSection
	GlobalSection(ExtensibilityGlobals) = postSolution
		SolutionGuid = {70C5C5EA-71C0-45DC-9B91-A6041D1962F7}
	EndGlobalSection
EndGlobal
